
Microsoft Visual Studio Solution File, Format Version 12.00
# Visual Studio Version 17
VisualStudioVersion = 17.8.34330.188
MinimumVisualStudioVersion = 10.0.40219.1
Project("{FAE04EC0-301F-11D3-BF4B-00C04F79EFBC}") = "app.Server", "app.Server\app.Server.csproj", "{CEA033D5-3CA6-46EB-8392-61CAAEDD8FD9}"
EndProject
Project("{54A90642-561A-4BB1-A94E-469ADEE60C69}") = "app.client", "app.client\app.client.esproj", "{CAB3DBB0-0366-44EF-A8DB-AF61E958A84B}"
EndProject
Global
	GlobalSection(SolutionConfigurationPlatforms) = preSolution
		Debug|Any CPU = Debug|Any CPU
		Release|Any CPU = Release|Any CPU
	EndGlobalSection
	GlobalSection(ProjectConfigurationPlatforms) = postSolution
		{CEA033D5-3CA6-46EB-8392-61CAAEDD8FD9}.Debug|Any CPU.ActiveCfg = Debug|Any CPU
		{CEA033D5-3CA6-46EB-8392-61CAAEDD8FD9}.Debug|Any CPU.Build.0 = Debug|Any CPU
		{CEA033D5-3CA6-46EB-8392-61CAAEDD8FD9}.Release|Any CPU.ActiveCfg = Release|Any CPU
		{CEA033D5-3CA6-46EB-8392-61CAAEDD8FD9}.Release|Any CPU.Build.0 = Release|Any CPU
		{CAB3DBB0-0366-44EF-A8DB-AF61E958A84B}.Debug|Any CPU.ActiveCfg = Debug|Any CPU
		{CAB3DBB0-0366-44EF-A8DB-AF61E958A84B}.Debug|Any CPU.Build.0 = Debug|Any CPU
		{CAB3DBB0-0366-44EF-A8DB-AF61E958A84B}.Debug|Any CPU.Deploy.0 = Debug|Any CPU
		{CAB3DBB0-0366-44EF-A8DB-AF61E958A84B}.Release|Any CPU.ActiveCfg = Release|Any CPU
		{CAB3DBB0-0366-44EF-A8DB-AF61E958A84B}.Release|Any CPU.Build.0 = Release|Any CPU
		{CAB3DBB0-0366-44EF-A8DB-AF61E958A84B}.Release|Any CPU.Deploy.0 = Release|Any CPU
	EndGlobalSection
	GlobalSection(SolutionProperties) = preSolution
		HideSolutionNode = FALSE
	EndGlobalSection
	GlobalSection(ExtensibilityGlobals) = postSolution
		SolutionGuid = {EC6B3A4C-F7EE-41F8-8F23-6C66AE268428}
	EndGlobalSection
EndGlobal
